// !$*UTF8*$!
{
	archiveVersion = 1;
	classes = {
	};
	objectVersion = 55;
	objects = {

/* Begin PBXBuildFile section */
		374FA192285AB02D00D0E4EC /* InterviewCodeTest.m in Sources */ = {isa = PBXBuildFile; fileRef = 374FA191285AB02D00D0E4EC /* InterviewCodeTest.m */; };
		374FA196285AB03A00D0E4EC /* MyGreeterClient.m in Sources */ = {isa = PBXBuildFile; fileRef = 37E8BDCB285A3A2B006F4AD6 /* MyGreeterClient.m */; };
		37E8BDC4285A38D3006F4AD6 /* main.m in Sources */ = {isa = PBXBuildFile; fileRef = 37E8BDC3285A38D3006F4AD6 /* main.m */; };
		37E8BDCC285A3A2B006F4AD6 /* MyGreeterClient.m in Sources */ = {isa = PBXBuildFile; fileRef = 37E8BDCB285A3A2B006F4AD6 /* MyGreeterClient.m */; };
/* End PBXBuildFile section */

/* Begin PBXCopyFilesBuildPhase section */
		37E8BDBE285A38D3006F4AD6 /* CopyFiles */ = {
			isa = PBXCopyFilesBuildPhase;
			buildActionMask = 2147483647;
			dstPath = /usr/share/man/man1/;
			dstSubfolderSpec = 0;
			files = (
			);
			runOnlyForDeploymentPostprocessing = 1;
		};
/* End PBXCopyFilesBuildPhase section */

/* Begin PBXFileReference section */
		374FA18F285AB02D00D0E4EC /* InterviewCodeTest.xctest */ = {isa = PBXFileReference; explicitFileType = wrapper.cfbundle; includeInIndex = 0; path = InterviewCodeTest.xctest; sourceTree = BUILT_PRODUCTS_DIR; };
		374FA191285AB02D00D0E4EC /* InterviewCodeTest.m */ = {isa = PBXFileReference; lastKnownFileType = sourcecode.c.objc; path = InterviewCodeTest.m; sourceTree = "<group>"; };
		37E8BDC0285A38D3006F4AD6 /* InterviewCdoe */ = {isa = PBXFileReference; explicitFileType = "compiled.mach-o.executable"; includeInIndex = 0; path = InterviewCdoe; sourceTree = BUILT_PRODUCTS_DIR; };
		37E8BDC3285A38D3006F4AD6 /* main.m */ = {isa = PBXFileReference; lastKnownFileType = sourcecode.c.objc; path = main.m; sourceTree = "<group>"; };
		37E8BDCA285A39A5006F4AD6 /* MyGreeterClient.h */ = {isa = PBXFileReference; lastKnownFileType = sourcecode.c.h; path = MyGreeterClient.h; sourceTree = "<group>"; };
		37E8BDCB285A3A2B006F4AD6 /* MyGreeterClient.m */ = {isa = PBXFileReference; lastKnownFileType = sourcecode.c.objc; path = MyGreeterClient.m; sourceTree = "<group>"; };
/* End PBXFileReference section */

/* Begin PBXFrameworksBuildPhase section */
		374FA18C285AB02D00D0E4EC /* Frameworks */ = {
			isa = PBXFrameworksBuildPhase;
			buildActionMask = 2147483647;
			files = (
			);
			runOnlyForDeploymentPostprocessing = 0;
		};
		37E8BDBD285A38D3006F4AD6 /* Frameworks */ = {
			isa = PBXFrameworksBuildPhase;
			buildActionMask = 2147483647;
			files = (
			);
			runOnlyForDeploymentPostprocessing = 0;
		};
/* End PBXFrameworksBuildPhase section */

/* Begin PBXGroup section */
		374FA190285AB02D00D0E4EC /* InterviewCodeTest */ = {
			isa = PBXGroup;
			children = (
				374FA191285AB02D00D0E4EC /* InterviewCodeTest.m */,
			);
			path = InterviewCodeTest;
			sourceTree = "<group>";
		};
		37E8BDB7285A38D3006F4AD6 = {
			isa = PBXGroup;
			children = (
				37E8BDC2285A38D3006F4AD6 /* InterviewCdoe */,
				374FA190285AB02D00D0E4EC /* InterviewCodeTest */,
				37E8BDC1285A38D3006F4AD6 /* Products */,
			);
			sourceTree = "<group>";
		};
		37E8BDC1285A38D3006F4AD6 /* Products */ = {
			isa = PBXGroup;
			children = (
				37E8BDC0285A38D3006F4AD6 /* InterviewCdoe */,
				374FA18F285AB02D00D0E4EC /* InterviewCodeTest.xctest */,
			);
			name = Products;
			sourceTree = "<group>";
		};
		37E8BDC2285A38D3006F4AD6 /* InterviewCdoe */ = {
			isa = PBXGroup;
			children = (
				37E8BDC3285A38D3006F4AD6 /* main.m */,
				37E8BDCA285A39A5006F4AD6 /* MyGreeterClient.h */,
				37E8BDCB285A3A2B006F4AD6 /* MyGreeterClient.m */,
			);
			path = InterviewCdoe;
			sourceTree = "<group>";
		};
/* End PBXGroup section */

/* Begin PBXNativeTarget section */
		374FA18E285AB02D00D0E4EC /* InterviewCodeTest */ = {
			isa = PBXNativeTarget;
			buildConfigurationList = 374FA193285AB02D00D0E4EC /* Build configuration list for PBXNativeTarget "InterviewCodeTest" */;
			buildPhases = (
				374FA18B285AB02D00D0E4EC /* Sources */,
				374FA18C285AB02D00D0E4EC /* Frameworks */,
				374FA18D285AB02D00D0E4EC /* Resources */,
			);
			buildRules = (
			);
			dependencies = (
			);
			name = InterviewCodeTest;
			productName = InterviewCodeTest;
			productReference = 374FA18F285AB02D00D0E4EC /* InterviewCodeTest.xctest */;
			productType = "com.apple.product-type.bundle.unit-test";
		};
		37E8BDBF285A38D3006F4AD6 /* InterviewCdoe */ = {
			isa = PBXNativeTarget;
			buildConfigurationList = 37E8BDC7285A38D3006F4AD6 /* Build configuration list for PBXNativeTarget "InterviewCdoe" */;
			buildPhases = (
				37E8BDBC285A38D3006F4AD6 /* Sources */,
				37E8BDBD285A38D3006F4AD6 /* Frameworks */,
				37E8BDBE285A38D3006F4AD6 /* CopyFiles */,
			);
			buildRules = (
			);
			dependencies = (
			);
			name = InterviewCdoe;
			productName = InterviewCdoe;
			productReference = 37E8BDC0285A38D3006F4AD6 /* InterviewCdoe */;
			productType = "com.apple.product-type.tool";
		};
/* End PBXNativeTarget section */

/* Begin PBXProject section */
		37E8BDB8285A38D3006F4AD6 /* Project object */ = {
			isa = PBXProject;
			attributes = {
				BuildIndependentTargetsInParallel = 1;
				LastUpgradeCheck = 1330;
				TargetAttributes = {
					374FA18E285AB02D00D0E4EC = {
						CreatedOnToolsVersion = 13.3;
					};
					37E8BDBF285A38D3006F4AD6 = {
						CreatedOnToolsVersion = 13.3;
					};
				};
			};
			buildConfigurationList = 37E8BDBB285A38D3006F4AD6 /* Build configuration list for PBXProject "InterviewCdoe" */;
			compatibilityVersion = "Xcode 13.0";
			developmentRegion = en;
			hasScannedForEncodings = 0;
			knownRegions = (
				en,
				Base,
			);
			mainGroup = 37E8BDB7285A38D3006F4AD6;
			productRefGroup = 37E8BDC1285A38D3006F4AD6 /* Products */;
			projectDirPath = "";
			projectRoot = "";
			targets = (
				37E8BDBF285A38D3006F4AD6 /* InterviewCdoe */,
				374FA18E285AB02D00D0E4EC /* InterviewCodeTest */,
			);
		};
/* End PBXProject section */

/* Begin PBXResourcesBuildPhase section */
		374FA18D285AB02D00D0E4EC /* Resources */ = {
			isa = PBXResourcesBuildPhase;
			buildActionMask = 2147483647;
			files = (
			);
			runOnlyForDeploymentPostprocessing = 0;
		};
/* End PBXResourcesBuildPhase section */

/* Begin PBXSourcesBuildPhase section */
		374FA18B285AB02D00D0E4EC /* Sources */ = {
			isa = PBXSourcesBuildPhase;
			buildActionMask = 2147483647;
			files = (
				374FA192285AB02D00D0E4EC /* InterviewCodeTest.m in Sources */,
				374FA196285AB03A00D0E4EC /* MyGreeterClient.m in Sources */,
			);
			runOnlyForDeploymentPostprocessing = 0;
		};
		37E8BDBC285A38D3006F4AD6 /* Sources */ = {
			isa = PBXSourcesBuildPhase;
			buildActionMask = 2147483647;
			files = (
				37E8BDC4285A38D3006F4AD6 /* main.m in Sources */,
				37E8BDCC285A3A2B006F4AD6 /* MyGreeterClient.m in Sources */,
			);
			runOnlyForDeploymentPostprocessing = 0;
		};
/* End PBXSourcesBuildPhase section */

/* Begin XCBuildConfiguration section */
		374FA194285AB02D00D0E4EC /* Debug */ = {
			isa = XCBuildConfiguration;
			buildSettings = {
				CODE_SIGN_STYLE = Automatic;
				CURRENT_PROJECT_VERSION = 1;
				DEVELOPMENT_TEAM = WBXR564CPM;
				GENERATE_INFOPLIST_FILE = YES;
				MARKETING_VERSION = 1.0;
				PRODUCT_BUNDLE_IDENTIFIER = yangshouquan.InterviewCodeTest;
				PRODUCT_NAME = "$(TARGET_NAME)";
				SWIFT_EMIT_LOC_STRINGS = NO;
			};
			name = Debug;
		};
		374FA195285AB02D00D0E4EC /* Release */ = {
			isa = XCBuildConfiguration;
			buildSettings = {
				CODE_SIGN_STYLE = Automatic;
				CURRENT_PROJECT_VERSION = 1;
				DEVELOPMENT_TEAM = WBXR564CPM;
				GENERATE_INFOPLIST_FILE = YES;
				MARKETING_VERSION = 1.0;
				PRODUCT_BUNDLE_IDENTIFIER = yangshouquan.InterviewCodeTest;
				PRODUCT_NAME = "$(TARGET_NAME)";
				SWIFT_EMIT_LOC_STRINGS = NO;
			};
			name = Release;
		};
		37E8BDC5285A38D3006F4AD6 /* Debug */ = {
			isa = XCBuildConfiguration;
			buildSettings = {
				ALWAYS_SEARCH_USER_PATHS = NO;
				CLANG_ANALYZER_NONNULL = YES;
				CLANG_ANALYZER_NUMBER_OBJECT_CONVERSION = YES_AGGRESSIVE;
				CLANG_CXX_LANGUAGE_STANDARD = "gnu++17";
				CLANG_ENABLE_MODULES = YES;
				CLANG_ENABLE_OBJC_ARC = YES;
				CLANG_ENABLE_OBJC_WEAK = YES;
				CLANG_WARN_BLOCK_CAPTURE_AUTORELEASING = YES;
				CLANG_WARN_BOOL_CONVERSION = YES;
				CLANG_WARN_COMMA = YES;
				CLANG_WARN_CONSTANT_CONVERSION = YES;
				CLANG_WARN_DEPRECATED_OBJC_IMPLEMENTATIONS = YES;
				CLANG_WARN_DIRECT_OBJC_ISA_USAGE = YES_ERROR;
				CLANG_WARN_DOCUMENTATION_COMMENTS = YES;
				CLANG_WARN_EMPTY_BODY = YES;
				CLANG_WARN_ENUM_CONVERSION = YES;
				CLANG_WARN_INFINITE_RECURSION = YES;
				CLANG_WARN_INT_CONVERSION = YES;
				CLANG_WARN_NON_LITERAL_NULL_CONVERSION = YES;
				CLANG_WARN_OBJC_IMPLICIT_RETAIN_SELF = YES;
				CLANG_WARN_OBJC_LITERAL_CONVERSION = YES;
				CLANG_WARN_OBJC_ROOT_CLASS = YES_ERROR;
				CLANG_WARN_QUOTED_INCLUDE_IN_FRAMEWORK_HEADER = YES;
				CLANG_WARN_RANGE_LOOP_ANALYSIS = YES;
				CLANG_WARN_STRICT_PROTOTYPES = YES;
				CLANG_WARN_SUSPICIOUS_MOVE = YES;
				CLANG_WARN_UNGUARDED_AVAILABILITY = YES_AGGRESSIVE;
				CLANG_WARN_UNREACHABLE_CODE = YES;
				CLANG_WARN__DUPLICATE_METHOD_MATCH = YES;
				COPY_PHASE_STRIP = NO;
				DEBUG_INFORMATION_FORMAT = dwarf;
				ENABLE_STRICT_OBJC_MSGSEND = YES;
				ENABLE_TESTABILITY = YES;
				GCC_C_LANGUAGE_STANDARD = gnu11;
				GCC_DYNAMIC_NO_PIC = NO;
				GCC_NO_COMMON_BLOCKS = YES;
				GCC_OPTIMIZATION_LEVEL = 0;
				GCC_PREPROCESSOR_DEFINITIONS = (
					"DEBUG=1",
					"$(inherited)",
				);
				GCC_WARN_64_TO_32_BIT_CONVERSION = YES;
				GCC_WARN_ABOUT_RETURN_TYPE = YES_ERROR;
				GCC_WARN_UNDECLARED_SELECTOR = YES;
				GCC_WARN_UNINITIALIZED_AUTOS = YES_AGGRESSIVE;
				GCC_WARN_UNUSED_FUNCTION = YES;
				GCC_WARN_UNUSED_VARIABLE = YES;
				MACOSX_DEPLOYMENT_TARGET = 12.3;
				MTL_ENABLE_DEBUG_INFO = INCLUDE_SOURCE;
				MTL_FAST_MATH = YES;
				ONLY_ACTIVE_ARCH = YES;
				SDKROOT = macosx;
			};
			name = Debug;
		};
		37E8BDC6285A38D3006F4AD6 /* Release */ = {
			isa = XCBuildConfiguration;
			buildSettings = {
				ALWAYS_SEARCH_USER_PATHS = NO;
				CLANG_ANALYZER_NONNULL = YES;
				CLANG_ANALYZER_NUMBER_OBJECT_CONVERSION = YES_AGGRESSIVE;
				CLANG_CXX_LANGUAGE_STANDARD = "gnu++17";
				CLANG_ENABLE_MODULES = YES;
				CLANG_ENABLE_OBJC_ARC = YES;
				CLANG_ENABLE_OBJC_WEAK = YES;
				CLANG_WARN_BLOCK_CAPTURE_AUTORELEASING = YES;
				CLANG_WARN_BOOL_CONVERSION = YES;
				CLANG_WARN_COMMA = YES;
				CLANG_WARN_CONSTANT_CONVERSION = YES;
				CLANG_WARN_DEPRECATED_OBJC_IMPLEMENTATIONS = YES;
				CLANG_WARN_DIRECT_OBJC_ISA_USAGE = YES_ERROR;
				CLANG_WARN_DOCUMENTATION_COMMENTS = YES;
				CLANG_WARN_EMPTY_BODY = YES;
				CLANG_WARN_ENUM_CONVERSION = YES;
				CLANG_WARN_INFINITE_RECURSION = YES;
				CLANG_WARN_INT_CONVERSION = YES;
				CLANG_WARN_NON_LITERAL_NULL_CONVERSION = YES;
				CLANG_WARN_OBJC_IMPLICIT_RETAIN_SELF = YES;
				CLANG_WARN_OBJC_LITERAL_CONVERSION = YES;
				CLANG_WARN_OBJC_ROOT_CLASS = YES_ERROR;
				CLANG_WARN_QUOTED_INCLUDE_IN_FRAMEWORK_HEADER = YES;
				CLANG_WARN_RANGE_LOOP_ANALYSIS = YES;
				CLANG_WARN_STRICT_PROTOTYPES = YES;
				CLANG_WARN_SUSPICIOUS_MOVE = YES;
				CLANG_WARN_UNGUARDED_AVAILABILITY = YES_AGGRESSIVE;
				CLANG_WARN_UNREACHABLE_CODE = YES;
				CLANG_WARN__DUPLICATE_METHOD_MATCH = YES;
				COPY_PHASE_STRIP = NO;
				DEBUG_INFORMATION_FORMAT = "dwarf-with-dsym";
				ENABLE_NS_ASSERTIONS = NO;
				ENABLE_STRICT_OBJC_MSGSEND = YES;
				GCC_C_LANGUAGE_STANDARD = gnu11;
				GCC_NO_COMMON_BLOCKS = YES;
				GCC_WARN_64_TO_32_BIT_CONVERSION = YES;
				GCC_WARN_ABOUT_RETURN_TYPE = YES_ERROR;
				GCC_WARN_UNDECLARED_SELECTOR = YES;
				GCC_WARN_UNINITIALIZED_AUTOS = YES_AGGRESSIVE;
				GCC_WARN_UNUSED_FUNCTION = YES;
				GCC_WARN_UNUSED_VARIABLE = YES;
				MACOSX_DEPLOYMENT_TARGET = 12.3;
				MTL_ENABLE_DEBUG_INFO = NO;
				MTL_FAST_MATH = YES;
				SDKROOT = macosx;
			};
			name = Release;
		};
		37E8BDC8285A38D3006F4AD6 /* Debug */ = {
			isa = XCBuildConfiguration;
			buildSettings = {
				CODE_SIGN_STYLE = Automatic;
				DEVELOPMENT_TEAM = WBXR564CPM;
				ENABLE_HARDENED_RUNTIME = YES;
				PRODUCT_NAME = "$(TARGET_NAME)";
			};
			name = Debug;
		};
		37E8BDC9285A38D3006F4AD6 /* Release */ = {
			isa = XCBuildConfiguration;
			buildSettings = {
				CODE_SIGN_STYLE = Automatic;
				DEVELOPMENT_TEAM = WBXR564CPM;
				ENABLE_HARDENED_RUNTIME = YES;
				PRODUCT_NAME = "$(TARGET_NAME)";
			};
			name = Release;
		};
/* End XCBuildConfiguration section */

/* Begin XCConfigurationList section */
		374FA193285AB02D00D0E4EC /* Build configuration list for PBXNativeTarget "InterviewCodeTest" */ = {
			isa = XCConfigurationList;
			buildConfigurations = (
				374FA194285AB02D00D0E4EC /* Debug */,
				374FA195285AB02D00D0E4EC /* Release */,
			);
			defaultConfigurationIsVisible = 0;
			defaultConfigurationName = Release;
		};
		37E8BDBB285A38D3006F4AD6 /* Build configuration list for PBXProject "InterviewCdoe" */ = {
			isa = XCConfigurationList;
			buildConfigurations = (
				37E8BDC5285A38D3006F4AD6 /* Debug */,
				37E8BDC6285A38D3006F4AD6 /* Release */,
			);
			defaultConfigurationIsVisible = 0;
			defaultConfigurationName = Release;
		};
		37E8BDC7285A38D3006F4AD6 /* Build configuration list for PBXNativeTarget "InterviewCdoe" */ = {
			isa = XCConfigurationList;
			buildConfigurations = (
				37E8BDC8285A38D3006F4AD6 /* Debug */,
				37E8BDC9285A38D3006F4AD6 /* Release */,
			);
			defaultConfigurationIsVisible = 0;
			defaultConfigurationName = Release;
		};
/* End XCConfigurationList section */
	};
	rootObject = 37E8BDB8285A38D3006F4AD6 /* Project object */;
}
